
Microsoft Visual Studio Solution File, Format Version 12.00
# Visual Studio Version 17
VisualStudioVersion = 17.5.002.0
MinimumVisualStudioVersion = 10.0.40219.1
Project("{9A19103F-16F7-4668-BE54-9A1E7A4F7556}") = "mrrscli", "mrrscli\mrrscli.csproj", "{160CEA48-E878-4AFE-9BD3-97A1A8721907}"
EndProject
Project("{9A19103F-16F7-4668-BE54-9A1E7A4F7556}") = "mrrslib", "mrrslib\mrrslib.csproj", "{CBC73640-DB46-40CE-8869-2FBFCAC00D18}"
EndProject
Project("{FAE04EC0-301F-11D3-BF4B-00C04F79EFBC}") = "mrrspwf", "mrrspwf\mrrspwf.csproj", "{3E7D17BF-BC43-4D8F-B96D-1421DB00C378}"
EndProject
Global
	GlobalSection(SolutionConfigurationPlatforms) = preSolution
		Debug|Any CPU = Debug|Any CPU
		Release|Any CPU = Release|Any CPU
	EndGlobalSection
	GlobalSection(ProjectConfigurationPlatforms) = postSolution
		{160CEA48-E878-4AFE-9BD3-97A1A8721907}.Debug|Any CPU.ActiveCfg = Debug|Any CPU
		{160CEA48-E878-4AFE-9BD3-97A1A8721907}.Debug|Any CPU.Build.0 = Debug|Any CPU
		{160CEA48-E878-4AFE-9BD3-97A1A8721907}.Release|Any CPU.ActiveCfg = Release|Any CPU
		{160CEA48-E878-4AFE-9BD3-97A1A8721907}.Release|Any CPU.Build.0 = Release|Any CPU
		{CBC73640-DB46-40CE-8869-2FBFCAC00D18}.Debug|Any CPU.ActiveCfg = Debug|Any CPU
		{CBC73640-DB46-40CE-8869-2FBFCAC00D18}.Debug|Any CPU.Build.0 = Debug|Any CPU
		{CBC73640-DB46-40CE-8869-2FBFCAC00D18}.Release|Any CPU.ActiveCfg = Release|Any CPU
		{CBC73640-DB46-40CE-8869-2FBFCAC00D18}.Release|Any CPU.Build.0 = Release|Any CPU
		{3E7D17BF-BC43-4D8F-B96D-1421DB00C378}.Debug|Any CPU.ActiveCfg = Debug|Any CPU
		{3E7D17BF-BC43-4D8F-B96D-1421DB00C378}.Debug|Any CPU.Build.0 = Debug|Any CPU
		{3E7D17BF-BC43-4D8F-B96D-1421DB00C378}.Release|Any CPU.ActiveCfg = Release|Any CPU
		{3E7D17BF-BC43-4D8F-B96D-1421DB00C378}.Release|Any CPU.Build.0 = Release|Any CPU
	EndGlobalSection
	GlobalSection(SolutionProperties) = preSolution
		HideSolutionNode = FALSE
	EndGlobalSection
	GlobalSection(ExtensibilityGlobals) = postSolution
		SolutionGuid = {2B55AB34-7D0D-46FF-8CEF-40A52BC0D3E2}
	EndGlobalSection
EndGlobal
